
Microsoft Visual Studio Solution File, Format Version 12.00
Project("{FAE04EC0-301F-11D3-BF4B-00C04F79EFBC}") = "RequestResult", "RequestResult.csproj", "{3A8FDE4D-1006-4C26-9591-F8D16750D7FF}"
EndProject
Global
	GlobalSection(SolutionConfigurationPlatforms) = preSolution
		Debug|Any CPU = Debug|Any CPU
		Release|Any CPU = Release|Any CPU
	EndGlobalSection
	GlobalSection(ProjectConfigurationPlatforms) = postSolution
		{3A8FDE4D-1006-4C26-9591-F8D16750D7FF}.Debug|Any CPU.ActiveCfg = Debug|Any CPU
		{3A8FDE4D-1006-4C26-9591-F8D16750D7FF}.Debug|Any CPU.Build.0 = Debug|Any CPU
		{3A8FDE4D-1006-4C26-9591-F8D16750D7FF}.Release|Any CPU.ActiveCfg = Release|Any CPU
		{3A8FDE4D-1006-4C26-9591-F8D16750D7FF}.Release|Any CPU.Build.0 = Release|Any CPU
	EndGlobalSection
EndGlobal
